
Microsoft Visual Studio Solution File, Format Version 12.00
# Visual Studio Version 17
VisualStudioVersion = 17.6.33829.357
MinimumVisualStudioVersion = 10.0.40219.1
Project("{FAE04EC0-301F-11D3-BF4B-00C04F79EFBC}") = "CMPG323_Project_2", "CMPG323_Project_2.csproj", "{16AA0E6F-67AB-41FC-BEFB-DC71C7FC63D0}"
EndProject
Global
	GlobalSection(SolutionConfigurationPlatforms) = preSolution
		Debug|Any CPU = Debug|Any CPU
		Release|Any CPU = Release|Any CPU
	EndGlobalSection
	GlobalSection(ProjectConfigurationPlatforms) = postSolution
		{16AA0E6F-67AB-41FC-BEFB-DC71C7FC63D0}.Debug|Any CPU.ActiveCfg = Debug|Any CPU
		{16AA0E6F-67AB-41FC-BEFB-DC71C7FC63D0}.Debug|Any CPU.Build.0 = Debug|Any CPU
		{16AA0E6F-67AB-41FC-BEFB-DC71C7FC63D0}.Release|Any CPU.ActiveCfg = Release|Any CPU
		{16AA0E6F-67AB-41FC-BEFB-DC71C7FC63D0}.Release|Any CPU.Build.0 = Release|Any CPU
	EndGlobalSection
	GlobalSection(SolutionProperties) = preSolution
		HideSolutionNode = FALSE
	EndGlobalSection
	GlobalSection(ExtensibilityGlobals) = postSolution
		SolutionGuid = {46458128-5004-4AD1-A258-546A8B030A94}
	EndGlobalSection
EndGlobal
